
Microsoft Visual Studio Solution File, Format Version 12.00
# Visual Studio Version 16
VisualStudioVersion = 16.0.29102.190
MinimumVisualStudioVersion = 10.0.40219.1
Project("{FAE04EC0-301F-11D3-BF4B-00C04F79EFBC}") = "Assignment_1", "Assignment_1\Assignment_1.csproj", "{5C2168CA-2551-40AA-B8C6-CCCDA8EE44FA}"
EndProject
Global
	GlobalSection(SolutionConfigurationPlatforms) = preSolution
		Debug|Any CPU = Debug|Any CPU
		Release|Any CPU = Release|Any CPU
	EndGlobalSection
	GlobalSection(ProjectConfigurationPlatforms) = postSolution
		{5C2168CA-2551-40AA-B8C6-CCCDA8EE44FA}.Debug|Any CPU.ActiveCfg = Debug|Any CPU
		{5C2168CA-2551-40AA-B8C6-CCCDA8EE44FA}.Debug|Any CPU.Build.0 = Debug|Any CPU
		{5C2168CA-2551-40AA-B8C6-CCCDA8EE44FA}.Release|Any CPU.ActiveCfg = Release|Any CPU
		{5C2168CA-2551-40AA-B8C6-CCCDA8EE44FA}.Release|Any CPU.Build.0 = Release|Any CPU
	EndGlobalSection
	GlobalSection(SolutionProperties) = preSolution
		HideSolutionNode = FALSE
	EndGlobalSection
	GlobalSection(ExtensibilityGlobals) = postSolution
		SolutionGuid = {11DC5431-41E8-4986-B552-D5DAB5A6321C}
	EndGlobalSection
EndGlobal
